
Microsoft Visual Studio Solution File, Format Version 12.00
# Visual Studio Version 17
VisualStudioVersion = 17.2.32616.157
MinimumVisualStudioVersion = 10.0.40219.1
Project("{9A19103F-16F7-4668-BE54-9A1E7A4F7556}") = "TheCoffee", "TheCoffee\TheCoffee.csproj", "{3E7FAA21-BCBD-445B-B780-9EEF82B90782}"
EndProject
Global
	GlobalSection(SolutionConfigurationPlatforms) = preSolution
		Debug|Any CPU = Debug|Any CPU
		Release|Any CPU = Release|Any CPU
	EndGlobalSection
	GlobalSection(ProjectConfigurationPlatforms) = postSolution
		{3E7FAA21-BCBD-445B-B780-9EEF82B90782}.Debug|Any CPU.ActiveCfg = Debug|Any CPU
		{3E7FAA21-BCBD-445B-B780-9EEF82B90782}.Debug|Any CPU.Build.0 = Debug|Any CPU
		{3E7FAA21-BCBD-445B-B780-9EEF82B90782}.Release|Any CPU.ActiveCfg = Release|Any CPU
		{3E7FAA21-BCBD-445B-B780-9EEF82B90782}.Release|Any CPU.Build.0 = Release|Any CPU
	EndGlobalSection
	GlobalSection(SolutionProperties) = preSolution
		HideSolutionNode = FALSE
	EndGlobalSection
	GlobalSection(ExtensibilityGlobals) = postSolution
		SolutionGuid = {104A3D6B-BDB1-4FEF-848D-D83ACDFC0FF6}
	EndGlobalSection
EndGlobal
